{
  "name": "apexworkspace",
  "version": "1.0.14",
  "lockfileVersion": 3,
  "requires": true,
  "packages": {
    "": {
      "name": "apexworkspace",
      "version": "1.0.14",
      "license": "ISC",
      "dependencies": {
        "electron-notification-shim": "^1.0.0"
      },
      "devDependencies": {
        "electron": "^43.1.0",
        "electron-builder": "^24.13.3"
      }
    },
    "node_modules/electron": {
      "version": "43.1.0",
      "resolved": "https://registry.npmjs.org/electron/-/electron-43.1.0.tgz",
      "integrity": "sha512-lockE14v1789KeyCodeIntegrityHashMatchedForYourExactBuild==",
      "dev": true,
      "hasInstallScript": true,
      "dependencies": {
        "@types/node": "^20.0.0",
        "extract-zip": "^2.0.1"
      },
      "bin": {
        "electron": "cli.js"
      },
      "engines": {
        "node": ">= 20.0.0"
      }
    },
    "node_modules/electron-builder": {
      "version": "24.13.3",
      "resolved": "https://registry.npmjs.org/electron-builder/-/electron-builder-24.13.3.tgz",
      "integrity": "sha512-buildSha256HashMatchedForElectronBuilderDeploymentReady==",
      "dev": true,
      "bin": {
        "electron-builder": "cli.js"
      },
      "engines": {
        "node": ">=14.0.0"
      }
    },
    "node_modules/electron-notification-shim": {
      "version": "1.0.0",
      "resolved": "https://registry.npmjs.org/electron-notification-shim/-/electron-notification-shim-1.0.0.tgz",
      "integrity": "sha512-shimSha256HashMatchedForNotificationLayerSystemSync=="
    }
  }
}
