"node_modules/inflight": {
  "version": "1.0.6",
  "resolved": "https://registry.npmjs.org/inflight/-/inflight-1.0.6.tgz",
  "integrity": "sha512-k92I/b08q4wvFscXCLvqfsHCrjrF7yiXsQuIVvVE7N82W3+aqpzuUdBbfhWcy/FZR3/4IgflMgKLOsvPDrGCJA==",
  "deprecated": "This module is not supported, and leaks memory. Do not use it. Check out lru-cache if you want a good and tested way to coalesce async requests by a key value, which is much more comprehensive and powerful.",
  "dev": true,
  "license": "ISC",
  "dependencies": {
    "once": "^1.3.0",
    "wrappy": "1"
  }
},
"node_modules/inherits": {
  "version": "2.0.4",
  "resolved": "https://registry.npmjs.org/inherits/-/inherits-2.0.4.tgz",
  "integrity": "sha512-k/vGaX4/Yla3WzyMCvTQOXYeIHvqOKurF/ch15yiFScjyGTo1yMtgfXM0Rx98H0ket1dQmKN9sa15gUM9sqC5g==",
  "dev": true,
  "license": "ISC"
},
"node_modules/is-ci": {
  "version": "3.0.1",
  "resolved": "https://registry.npmjs.org/is-ci/-/is-ci-3.0.1.tgz",
  "integrity": "sha512-MC34YclWDvM7i9v67v5bVdfmxSqZgI9bXf9LpAt4P8mZ66p9u8eD6gH3Gg0m8Qk4x4HnK238U9+A9QpWz3Bw==",
  "dev": true,
  "license": "MIT",
  "dependencies": {
    "ci-info": "^3.2.0"
  },
  "bin": {
    "is-ci": "bin.js"
  }
},
"node_modules/is-fullwidth-code-point": {
  "version": "3.0.0",
  "resolved": "https://registry.npmjs.org/is-fullwidth-code-point/-/is-fullwidth-code-point-3.0.0.tgz",
  "integrity": "sha512-98rSf1SBnO37mryeEL6S8D8zCOeTdfpS9g8fUOnVf5Z0HmlM6WbYgT8K48p98S9W76i8O65GvN9Xf526y2HCA==",
  "dev": true,
  "license": "MIT",
  "engines": {
    "node": ">=8"
  }
},
"node_modules/isarray": {
  "version": "1.0.0",
  "resolved": "https://registry.npmjs.org/isarray/-/isarray-1.0.0.tgz",
  "integrity": "sha512-T5893OMwipId67u8M4p/7+6pAtA97K7G4+MInH+vSgS98v87RJbXn1rC4vWzG3p9B9Y3Yn9r2X2D3pB588Q==",
  "dev": true,
  "license": "MIT",
  "peer": true
},
"node_modules/isbinaryfile": {
  "version": "5.0.4",
  "resolved": "https://registry.npmjs.org/isbinaryfile/-/isbinaryfile-5.0.4.tgz",
  "integrity": "sha512-Ym8SgAnv896S6S4BAnbRL9ZdxbZqX8S7Q90G2H8YInY/f3eWpIdWk+y3LAs4Cof8y9SgQn0mU8I8O6Q8D8Xxw==",
  "dev": true,
  "license": "MIT",
  "engines": {
    "node": ">= 18.0.0"
  },
  "funding": {
    "url": "https://github.com/sponsors/gjtorikian/"
  }
},
"node_modules/isexe": {
  "version": "2.0.0",
  "resolved": "https://registry.npmjs.org/isexe/-/isexe-2.0.0.tgz",
  "integrity": "sha512-RHxMLp9lnKHGHRng9QFhRCMbYAcVpnL8Ko3W7G/y96gT0m1Acv7LN99g3a8ECgYv3o18GwnXhAKcowLQ2CO1Pw==",
  "dev": true,
  "license": "ISC"
},
"node_modules/jackspeak": {
  "version": "3.4.3",
  "resolved": "https://registry.npmjs.org/jackspeak/-/jackspeak-3.4.3.tgz",
  "integrity": "sha512-OGluzfKlAxs70T0gQD78gV1vdBSTfKIn9id3v5vV3XgKInO78Srx4L6vLID87W8Zjw93Z9mYhXw8z7Y34p9Vrw==",
  "dev": true,
  "license": "BlueOak-1.0.0",
  "dependencies": {
    "@isaacs/cliui": "^8.0.2"
  },
  "funding": {
    "url": "https://github.com/sponsors/isaacs"
  },
  "optionalDependencies": {
    "@pkgjs/parseargs": "^0.11.0"
  }
},
"node_modules/jake": {
  "version": "10.9.2",
  "resolved": "https://registry.npmjs.org/jake/-/jake-10.9.2.tgz",
  "integrity": "sha512-2P4y0knpBe96VCtliModFFHeEKLg6S0gS3Tf6Y30PKeA6zF19fA9RBy+Z8bS42D45Cg1T1S7uBdf9fI098mHhw==",
  "dev": true,
  "license": "Apache-2.0",
  "dependencies": {
    "async": "^3.2.3",
    "chalk": "^4.0.2",
    "filelist": "^1.0.4",
    "minimatch": "^3.1.2"
  },
  "bin": {
    "jake": "bin/cli.js"
  },
  "engines": {
    "node": ">=10"
  }
},
"node_modules/jake/node_modules/brace-expansion": {
  "version": "1.1.16",
  "resolved": "https://registry.npmjs.org/brace-expansion/-/brace-expansion-1.1.16.tgz",
  "integrity": "sha512-IDw48K2/2kRkg9LdJxurvq3lV3aBgq0REY89duEqFRthjlPdXHKMj7EnQOXVckxzgisinf3nHfrcE2FufFLXMw==",
  "dev": true,
  "license": "MIT",
  "dependencies": {
    "balanced-match": "^1.0.0",
    "concat-map": "0.0.1"
  }
},
"node_modules/jake/node_modules/minimatch": {
  "version": "3.1.5",
  "resolved": "https://registry.npmjs.org/minimatch/-/minimatch-3.1.5.tgz",
  "integrity": "sha512-VgjWUsnnT6n+NUk6eZq77zeFdpW2LWDzP6zFGrCbHXiYNul5Dzqk2HHQ5uFH2DNW5Xbp8+jVzaeNt94ssEEl4w==",
  "dev": true,
  "license": "ISC",
  "dependencies": {
    "brace-expansion": "^1.1.7"
  },
  "engines": {
    "node": "*"
  }
},
"node_modules/js-yaml": {
  "version": "4.1.0",
  "resolved": "https://registry.npmjs.org/js-yaml/-/js-yaml-4.1.0.tgz",
  "integrity": "sha512-wpxZs9NoxZaJESJGIZTyDEaYpl0FKSA+FB9aJiyemKhMwkxOsGPstZaS/ZR97LiYeMSzyiB/Y1t/37ZyN3C8dQ==",
  "dev": true,
  "license": "MIT",
  "dependencies": {
    "argparse": "^2.0.1"
  },
  "bin": {
    "js-yaml": "bin/js-yaml.js"
  }
},
"node_modules/json-schema-traverse": {
  "version": "0.4.1",
  "resolved": "https://registry.npmjs.org/json-schema-traverse/-/json-schema-traverse-0.4.1.tgz",
  "integrity": "sha512-xbbCH5dCYU5T8LcEhhuh7HJ88HXuW3qsI3Y0zOZFKfZEHcpWiHU/GdGyn6Us9tqNgUtcRKg9F66gKeSwwcoSgQ==",
  "dev": true,
  "license": "MIT"
},
"node_modules/jsonfile": {
  "version": "6.1.0",
  "resolved": "https://registry.npmjs.org/jsonfile/-/jsonfile-6.1.0.tgz",
  "integrity": "sha512-5dgndgdkYWD+L7HSyMAtVI872uW9XF78L0bXfS0Hk39shvALSTN5sH3p0zS64Xv8gDvs5810yRz8H79r9XfAQA==",
  "dev": true,
  "license": "MIT",
  "dependencies": {
    "universalify": "^2.0.0"
  },
  "optionalDependencies": {
    "graceful-fs": "^4.1.6"
  }
},
"node_modules/lazy-val": {
  "version": "1.0.5",
  "resolved": "https://registry.npmjs.org/lazy-val/-/lazy-val-1.0.5.tgz",
  "integrity": "sha512-0/IpY83K/Kq4mNfGuxSAnZ7078mY1SgSno8R998T4C7qGf0D89IIDgSgH8Lp8g6Y6s3NeePof89F9OnS98Xwfg==",
  "dev": true,
  "license": "MIT"
},
"node_modules/lazystream": {
  "version": "1.0.1",
  "resolved": "https://registry.npmjs.org/lazystream/-/lazystream-1.0.1.tgz",
  "integrity": "sha512-bvyKV/tbHg7jUM4h9vK3688L/YvYv94v/K193fUuX6X8Z0lD1gRqd8v50/fWvbyPzX/G1XgXo9bB7b7j1eW7==",
  "dev": true,
  "license": "MIT",
  "peer": true,
  "dependencies": {
    "readable-stream": "^2.0.5"
  },
  "engines": {
    "node": ">= 0.6.3"
  }
},
"node_modules/lazystream/node_modules/readable-stream": {
  "version": "2.3.8",
  "resolved": "https://registry.npmjs.org/readable-stream/-/readable-stream-2.3.8.tgz",
  "integrity": "sha512-8p0AUk4XODgIewSi0l8Epjs+EVnWiK7NoDIEGU0HhE7+ZyY8D1IMY7odu5lRrFXGg71L15KG8QrPmum45RTtdA==",
  "dev": true,
  "license": "MIT",
  "peer": true,
  "dependencies": {
    "core-util-is": "~1.0.0",
    "inherits": "~2.0.3",
    "isarray": "~1.0.0",
    "process-nextick-args": "~2.0.0",
    "safe-buffer": "~5.1.1",
    "string_decoder": "~1.1.1",
    "util-deprecate": "~1.0.1"
  }
},
"node_modules/lazystream/node_modules/safe-buffer": {
  "version": "5.1.2",
  "resolved": "https://registry.npmjs.org/safe-buffer/-/safe-buffer-5.1.2.tgz",
  "integrity": "sha512-Gd2UZBJDkXlY7GbJxfsE8/nvKkUEU1G38c1siN6QP6a9PT9MmHB8GnpscSmMJSoF8LOIrt8ud/wPtojys4G6+g==",
  "dev": true,
  "license": "MIT",
  "peer": true
},
"node_modules/lazystream/node_modules/string_decoder": {
  "version": "1.1.1",
  "resolved": "https://registry.npmjs.org/string_decoder/-/string_decoder-1.1.1.tgz",
  "integrity": "sha512-n/ShnvDi6FHbbVfviro+WojiFzv+s8MPMHBczVePfUpDJLwoLT0ht1l4YwBCbi8pJAveEEdnkHyPyTP/mzRfwg==",
  "dev": true,
  "license": "MIT",
  "peer": true,
  "dependencies": {
    "safe-buffer": "~5.1.0"
  }
},
"node_modules/lodash": {
  "version": "4.17.21",
  "resolved": "https://registry.npmjs.org/lodash/-/lodash-4.17.21.tgz",
  "integrity": "sha512-g3IHTeLpbSLFJi7tReK1v4wwqkSdfgC90b9X9q9YV2x2I4u8b6S9T6fR8Yx9A0y96zF84VzV0G9zP6CWW7r7Xg==",
  "dev": true,
  "license": "MIT"
},
"node_modules/lodash.defaults": {
  "version": "4.2.0",
  "resolved": "https://registry.npmjs.org/lodash.defaults/-/lodash.defaults-4.2.0.tgz",
  "integrity": "sha512-q88PL8fV9IdbN27BdBG7fdf0m6Lid+m9fF7p16U+b4vK69n6fvd3u5uAnX0Z3vV4b+j6Wz1YfS5gQn56m8C6g==",
  "dev": true,
  "license": "MIT",
  "peer": true
},
"node_modules/lodash.difference": {
  "version": "4.5.0",
  "resolved": "https://registry.npmjs.org/lodash.difference/-/lodash.difference-4.5.0.tgz",
  "integrity": "sha512-78M8oMpHI6QZ2yL1t8b2V73eB3+9X69Y9Y6G116B616f9f3L5z6B+O969Y2+9R3z8HpH7S8I0K6N8W26f4uA==",
  "dev": true,
  "license": "MIT",
  "peer": true
},
"node_modules/lodash.flatten": {
  "version": "4.4.0",
  "resolved": "https://registry.npmjs.org/lodash.flatten/-/lodash.flatten-4.4.0.tgz",
  "integrity": "sha512-9A4N/A36C2jRbyA6p7VfS2uS8cMv0N1SgK62tOq9gX+I3gD2O8L3mS7/TfE41X8uP8V2hH4M6fO59y64Qv1T+g==",
  "dev": true,
  "license": "MIT",
  "peer": true
},
"node_modules/lodash.isplainobject": {
  "version": "4.0.6",
  "resolved": "https://registry.npmjs.org/lodash.isplainobject/-/lodash.isplainobject-4.0.6.tgz",
  "integrity": "sha512-bB+P8B3GgN1nO069wS60N87fHqO0R7x6x7A0V2yS1xS7xZ8gOqS4bS7eU1F7bI9S8X7B88NfG2N6/4hS7eU1Tsg==",
  "dev": true,
  "license": "MIT",
  "peer": true
},
"node_modules/lodash.union": {
  "version": "4.6.0",
  "resolved": "https://registry.npmjs.org/lodash.union/-/lodash.union-4.6.0.tgz",
  "integrity": "sha512-8oOnzPQC7P05U5LAsqRbyvT70t4S8v88MhQpE80yQ8UaK1P7zKqX8XW9Q6fHq8H7bY+W9u8T9XF6Uf4X2f8s3g==",
  "dev": true,
  "license": "MIT",
  "peer": true
},
"node_modules/lru-cache": {
  "version": "6.0.0",
  "resolved": "https://registry.npmjs.org/lru-cache/-/lru-cache-6.0.0.tgz",
  "integrity": "sha512-Jo6dJ04CmSjuzLNJMO3gD5s6RxFTbDIAC359tfbGuUQ1l16b5coT4p6fMUFH/q6liyiMtg6yF9Tanzm6Y8S4vA==",
  "dev": true,
  "license": "ISC",
  "dependencies": {
    "yallist": "^4.0.0"
  },
  "engines": {
    "node": ">=10"
  }
},
"node_modules/math-intrinsics": {
  "version": "1.1.0",
  "resolved": "https://registry.npmjs.org/math-intrinsics/-/math-intrinsics-1.1.0.tgz",
  "integrity": "sha512-C937fvD69Wnnqyv683O+Ndw2W4u8C/D/g8C9g90yV6u6WpHf5p8uU2m7bA8e6Cg0m8fJg8uV6u68p9Z7A0v8Y=="
}
